
Microsoft Visual Studio Solution File, Format Version 12.00
# Visual Studio 2013
VisualStudioVersion = 12.0.21005.1
MinimumVisualStudioVersion = 10.0.40219.1
Project("{FAE04EC0-301F-11D3-BF4B-00C04F79EFBC}") = "employeeManager.Domain", "employeeManager.Domain\employeeManager.Domain.csproj", "{7379F3CD-6B43-451A-936A-E092F55A0E88}"
EndProject
Project("{FAE04EC0-301F-11D3-BF4B-00C04F79EFBC}") = "employeeManager.Web", "employeeManager.Web\employeeManager.Web.csproj", "{0D36A5E6-3519-4ACC-AB94-C0822731C8F5}"
EndProject
Global
	GlobalSection(SolutionConfigurationPlatforms) = preSolution
		Debug|Any CPU = Debug|Any CPU
		Release|Any CPU = Release|Any CPU
	EndGlobalSection
	GlobalSection(ProjectConfigurationPlatforms) = postSolution
		{7379F3CD-6B43-451A-936A-E092F55A0E88}.Debug|Any CPU.ActiveCfg = Debug|Any CPU
		{7379F3CD-6B43-451A-936A-E092F55A0E88}.Debug|Any CPU.Build.0 = Debug|Any CPU
		{7379F3CD-6B43-451A-936A-E092F55A0E88}.Release|Any CPU.ActiveCfg = Release|Any CPU
		{7379F3CD-6B43-451A-936A-E092F55A0E88}.Release|Any CPU.Build.0 = Release|Any CPU
		{0D36A5E6-3519-4ACC-AB94-C0822731C8F5}.Debug|Any CPU.ActiveCfg = Debug|Any CPU
		{0D36A5E6-3519-4ACC-AB94-C0822731C8F5}.Debug|Any CPU.Build.0 = Debug|Any CPU
		{0D36A5E6-3519-4ACC-AB94-C0822731C8F5}.Release|Any CPU.ActiveCfg = Release|Any CPU
		{0D36A5E6-3519-4ACC-AB94-C0822731C8F5}.Release|Any CPU.Build.0 = Release|Any CPU
	EndGlobalSection
	GlobalSection(SolutionProperties) = preSolution
		HideSolutionNode = FALSE
	EndGlobalSection
EndGlobal
